
Microsoft Visual Studio Solution File, Format Version 12.00
# Visual Studio Version 16
VisualStudioVersion = 16.0.31025.194
MinimumVisualStudioVersion = 10.0.40219.1
Project("{FAE04EC0-301F-11D3-BF4B-00C04F79EFBC}") = "UdpClient", "UdpClient\UdpClient.csproj", "{EEF1DAE5-40D1-4154-8119-933DDD205F98}"
EndProject
Project("{FAE04EC0-301F-11D3-BF4B-00C04F79EFBC}") = "UdpServer", "UdpServer\UdpServer.csproj", "{4845066F-AEF2-44E1-9179-0566AB8860AB}"
EndProject
Project("{FAE04EC0-301F-11D3-BF4B-00C04F79EFBC}") = "UdpShapesClient", "UdpShapesClient\UdpShapesClient.csproj", "{D3B55744-2145-4CC1-94D0-12A7E171D855}"
EndProject
Project("{FAE04EC0-301F-11D3-BF4B-00C04F79EFBC}") = "UdpShapesLib", "UdpShapesLib\UdpShapesLib.csproj", "{38C00738-5603-4E01-8615-AE4D7CB1704F}"
EndProject
Project("{FAE04EC0-301F-11D3-BF4B-00C04F79EFBC}") = "UdpShapesServer", "UdpShapesServer\UdpShapesServer.csproj", "{261147AF-5281-4E93-80CA-B52ACD9E63EF}"
EndProject
Global
	GlobalSection(SolutionConfigurationPlatforms) = preSolution
		Debug|Any CPU = Debug|Any CPU
		Release|Any CPU = Release|Any CPU
	EndGlobalSection
	GlobalSection(ProjectConfigurationPlatforms) = postSolution
		{EEF1DAE5-40D1-4154-8119-933DDD205F98}.Debug|Any CPU.ActiveCfg = Debug|Any CPU
		{EEF1DAE5-40D1-4154-8119-933DDD205F98}.Debug|Any CPU.Build.0 = Debug|Any CPU
		{EEF1DAE5-40D1-4154-8119-933DDD205F98}.Release|Any CPU.ActiveCfg = Release|Any CPU
		{EEF1DAE5-40D1-4154-8119-933DDD205F98}.Release|Any CPU.Build.0 = Release|Any CPU
		{4845066F-AEF2-44E1-9179-0566AB8860AB}.Debug|Any CPU.ActiveCfg = Debug|Any CPU
		{4845066F-AEF2-44E1-9179-0566AB8860AB}.Debug|Any CPU.Build.0 = Debug|Any CPU
		{4845066F-AEF2-44E1-9179-0566AB8860AB}.Release|Any CPU.ActiveCfg = Release|Any CPU
		{4845066F-AEF2-44E1-9179-0566AB8860AB}.Release|Any CPU.Build.0 = Release|Any CPU
		{D3B55744-2145-4CC1-94D0-12A7E171D855}.Debug|Any CPU.ActiveCfg = Debug|Any CPU
		{D3B55744-2145-4CC1-94D0-12A7E171D855}.Debug|Any CPU.Build.0 = Debug|Any CPU
		{D3B55744-2145-4CC1-94D0-12A7E171D855}.Release|Any CPU.ActiveCfg = Release|Any CPU
		{D3B55744-2145-4CC1-94D0-12A7E171D855}.Release|Any CPU.Build.0 = Release|Any CPU
		{38C00738-5603-4E01-8615-AE4D7CB1704F}.Debug|Any CPU.ActiveCfg = Debug|Any CPU
		{38C00738-5603-4E01-8615-AE4D7CB1704F}.Debug|Any CPU.Build.0 = Debug|Any CPU
		{38C00738-5603-4E01-8615-AE4D7CB1704F}.Release|Any CPU.ActiveCfg = Release|Any CPU
		{38C00738-5603-4E01-8615-AE4D7CB1704F}.Release|Any CPU.Build.0 = Release|Any CPU
		{261147AF-5281-4E93-80CA-B52ACD9E63EF}.Debug|Any CPU.ActiveCfg = Debug|Any CPU
		{261147AF-5281-4E93-80CA-B52ACD9E63EF}.Debug|Any CPU.Build.0 = Debug|Any CPU
		{261147AF-5281-4E93-80CA-B52ACD9E63EF}.Release|Any CPU.ActiveCfg = Release|Any CPU
		{261147AF-5281-4E93-80CA-B52ACD9E63EF}.Release|Any CPU.Build.0 = Release|Any CPU
	EndGlobalSection
	GlobalSection(SolutionProperties) = preSolution
		HideSolutionNode = FALSE
	EndGlobalSection
	GlobalSection(ExtensibilityGlobals) = postSolution
		SolutionGuid = {C9EE6B33-C261-4F43-BF6D-CF2721BFA660}
	EndGlobalSection
EndGlobal
